{
  "version": 4,
  "terraform_version": "1.6.5",
  "serial": 5,
  "lineage": "faee5bcb-4601-a687-4178-e9b78139975e",
  "outputs": {},
  "resources": [
    {
      "mode": "managed",
      "type": "aws_cloudwatch_event_rule",
      "name": "guardduty_findings",
      "provider": "provider[\"registry.terraform.io/hashicorp/aws\"]",
      "instances": [
        {
          "schema_version": 1,
          "attributes": {
            "arn": "arn:aws:events:eu-north-1:305637213530:rule/guardduty",
            "description": "Trigger for GuardDuty findings with medium to high severity",
            "event_bus_name": "default",
            "event_pattern": "{\"detail\":{\"severity\":[4,4,4.1,4.2,4.3,4.4,4.5,4.6,4.7,4.8,4.9,5,5,5.1,5.2,5.3,5.4,5.5,5.6,5.7,5.8,5.9,6,6,6.1,6.2,6.3,6.4,6.5,6.6,6.7,6.8,6.9,7,7,7.1,7.2,7.3,7.4,7.5,7.6,7.7,7.8,7.9,8,8,8.1,8.2,8.3,8.4,8.5,8.6,8.7,8.8,8.9]},\"detail-type\":[\"GuardDuty Finding\"],\"source\":[\"aws.guardduty\"]}",
            "force_destroy": false,
            "id": "guardduty",
            "is_enabled": true,
            "name": "guardduty",
            "name_prefix": "",
            "role_arn": "",
            "schedule_expression": "",
            "state": "ENABLED",
            "tags": null,
            "tags_all": {}
          },
          "sensitive_attributes": [],
          "private": "eyJzY2hlbWFfdmVyc2lvbiI6IjEifQ=="
        }
      ]
    },
    {
      "mode": "managed",
      "type": "aws_cloudwatch_event_target",
      "name": "guardduty_alert",
      "provider": "provider[\"registry.terraform.io/hashicorp/aws\"]",
      "instances": [
        {
          "schema_version": 1,
          "attributes": {
            "arn": "arn:aws:sns:eu-north-1:305637213530:guardduty",
            "batch_target": [],
            "dead_letter_config": [],
            "ecs_target": [],
            "event_bus_name": "default",
            "force_destroy": false,
            "http_target": [],
            "id": "guardduty-sendToSNS",
            "input": "",
            "input_path": "",
            "input_transformer": [
              {
                "input_paths": {
                  "Account_ID": "$.detail.accountId",
                  "Finding_ID": "$.detail.id",
                  "Finding_Type": "$.detail.type",
                  "Finding_description": "$.detail.description",
                  "region": "$.region",
                  "severity": "$.detail.severity"
                },
                "input_template": "\"AWS \u003cAccount_ID\u003e has a severity \u003cseverity\u003e GuardDuty finding type \u003cFinding_Type\u003e in the \u003cregion\u003e region.\"\n\"Finding Description:\"\n\"\u003cFinding_description\u003e. \"\n\"For more details open the GuardDuty console at https://console.aws.amazon.com/guardduty/home?region=\u003cregion\u003e#/findings?search=id%3D\u003cFinding_ID\u003e\""
              }
            ],
            "kinesis_target": [],
            "redshift_target": [],
            "retry_policy": [],
            "role_arn": "",
            "rule": "guardduty",
            "run_command_targets": [],
            "sagemaker_pipeline_target": [],
            "sqs_target": [],
            "target_id": "sendToSNS"
          },
          "sensitive_attributes": [],
          "private": "eyJzY2hlbWFfdmVyc2lvbiI6IjEifQ==",
          "dependencies": [
            "aws_cloudwatch_event_rule.guardduty_findings",
            "aws_sns_topic.guardduty_alerts"
          ]
        }
      ]
    },
    {
      "mode": "managed",
      "type": "aws_sns_topic",
      "name": "guardduty_alerts",
      "provider": "provider[\"registry.terraform.io/hashicorp/aws\"]",
      "instances": [
        {
          "schema_version": 0,
          "attributes": {
            "application_failure_feedback_role_arn": "",
            "application_success_feedback_role_arn": "",
            "application_success_feedback_sample_rate": 0,
            "archive_policy": "",
            "arn": "arn:aws:sns:eu-north-1:305637213530:guardduty",
            "beginning_archive_time": "",
            "content_based_deduplication": false,
            "delivery_policy": "",
            "display_name": "",
            "fifo_topic": false,
            "firehose_failure_feedback_role_arn": "",
            "firehose_success_feedback_role_arn": "",
            "firehose_success_feedback_sample_rate": 0,
            "http_failure_feedback_role_arn": "",
            "http_success_feedback_role_arn": "",
            "http_success_feedback_sample_rate": 0,
            "id": "arn:aws:sns:eu-north-1:305637213530:guardduty",
            "kms_master_key_id": "",
            "lambda_failure_feedback_role_arn": "",
            "lambda_success_feedback_role_arn": "",
            "lambda_success_feedback_sample_rate": 0,
            "name": "guardduty",
            "name_prefix": "",
            "owner": "305637213530",
            "policy": "{\"Id\":\"__default_policy_ID\",\"Statement\":[{\"Action\":[\"SNS:GetTopicAttributes\",\"SNS:SetTopicAttributes\",\"SNS:AddPermission\",\"SNS:RemovePermission\",\"SNS:DeleteTopic\",\"SNS:Subscribe\",\"SNS:ListSubscriptionsByTopic\",\"SNS:Publish\"],\"Condition\":{\"StringEquals\":{\"AWS:SourceOwner\":\"305637213530\"}},\"Effect\":\"Allow\",\"Principal\":{\"AWS\":\"*\"},\"Resource\":\"arn:aws:sns:eu-north-1:305637213530:guardduty\",\"Sid\":\"__default_statement_ID\"}],\"Version\":\"2008-10-17\"}",
            "signature_version": 0,
            "sqs_failure_feedback_role_arn": "",
            "sqs_success_feedback_role_arn": "",
            "sqs_success_feedback_sample_rate": 0,
            "tags": null,
            "tags_all": {},
            "tracing_config": ""
          },
          "sensitive_attributes": [],
          "private": "bnVsbA=="
        }
      ]
    },
    {
      "mode": "managed",
      "type": "aws_sns_topic_subscription",
      "name": "sms_subscription",
      "provider": "provider[\"registry.terraform.io/hashicorp/aws\"]",
      "instances": [
        {
          "schema_version": 0,
          "attributes": {
            "arn": "arn:aws:sns:eu-north-1:305637213530:guardduty:51528ca7-04a4-4e82-a3c8-5ddb2a7eb546",
            "confirmation_timeout_in_minutes": 1,
            "confirmation_was_authenticated": true,
            "delivery_policy": "",
            "endpoint": "+4741208668",
            "endpoint_auto_confirms": false,
            "filter_policy": "",
            "filter_policy_scope": "",
            "id": "arn:aws:sns:eu-north-1:305637213530:guardduty:51528ca7-04a4-4e82-a3c8-5ddb2a7eb546",
            "owner_id": "305637213530",
            "pending_confirmation": false,
            "protocol": "sms",
            "raw_message_delivery": false,
            "redrive_policy": "",
            "replay_policy": "",
            "subscription_role_arn": "",
            "topic_arn": "arn:aws:sns:eu-north-1:305637213530:guardduty"
          },
          "sensitive_attributes": [],
          "private": "bnVsbA==",
          "dependencies": [
            "aws_sns_topic.guardduty_alerts"
          ]
        }
      ]
    }
  ],
  "check_results": null
}
